// !$*UTF8*$!
{
	archiveVersion = 1;
	classes = {
	};
	objectVersion = 55;
	objects = {

/* Begin PBXBuildFile section */
		2E3462DBB0E2EA359092CE22 /* Pods_instaCloneFirebase.framework in Frameworks */ = {isa = PBXBuildFile; fileRef = C4619CCAB5338E7E1977DD49 /* Pods_instaCloneFirebase.framework */; };
		6664575D28A510FB00D68A5A /* AppDelegate.swift in Sources */ = {isa = PBXBuildFile; fileRef = 6664575C28A510FB00D68A5A /* AppDelegate.swift */; };
		6664575F28A510FB00D68A5A /* SceneDelegate.swift in Sources */ = {isa = PBXBuildFile; fileRef = 6664575E28A510FB00D68A5A /* SceneDelegate.swift */; };
		6664576128A510FB00D68A5A /* ViewController.swift in Sources */ = {isa = PBXBuildFile; fileRef = 6664576028A510FB00D68A5A /* ViewController.swift */; };
		6664576428A510FB00D68A5A /* Main.storyboard in Resources */ = {isa = PBXBuildFile; fileRef = 6664576228A510FB00D68A5A /* Main.storyboard */; };
		6664576628A510FD00D68A5A /* Assets.xcassets in Resources */ = {isa = PBXBuildFile; fileRef = 6664576528A510FD00D68A5A /* Assets.xcassets */; };
		6664576928A510FD00D68A5A /* LaunchScreen.storyboard in Resources */ = {isa = PBXBuildFile; fileRef = 6664576728A510FD00D68A5A /* LaunchScreen.storyboard */; };
		6664577128A513F000D68A5A /* GoogleService-Info.plist in Resources */ = {isa = PBXBuildFile; fileRef = 6664577028A513F000D68A5A /* GoogleService-Info.plist */; };
		66B79B4F28A539A40024ECE3 /* FeedViewController.swift in Sources */ = {isa = PBXBuildFile; fileRef = 66B79B4E28A539A40024ECE3 /* FeedViewController.swift */; };
		66B79B5128A539B00024ECE3 /* UploadViewController.swift in Sources */ = {isa = PBXBuildFile; fileRef = 66B79B5028A539B00024ECE3 /* UploadViewController.swift */; };
		66B79B5328A539BC0024ECE3 /* SettingsViewController.swift in Sources */ = {isa = PBXBuildFile; fileRef = 66B79B5228A539BC0024ECE3 /* SettingsViewController.swift */; };
		66B79B5528A681950024ECE3 /* FeedCell.swift in Sources */ = {isa = PBXBuildFile; fileRef = 66B79B5428A681950024ECE3 /* FeedCell.swift */; };
/* End PBXBuildFile section */

/* Begin PBXFileReference section */
		3680D6DECB8C0B66A2208E75 /* Pods-instaCloneFirebase.release.xcconfig */ = {isa = PBXFileReference; includeInIndex = 1; lastKnownFileType = text.xcconfig; name = "Pods-instaCloneFirebase.release.xcconfig"; path = "Target Support Files/Pods-instaCloneFirebase/Pods-instaCloneFirebase.release.xcconfig"; sourceTree = "<group>"; };
		6664575928A510FB00D68A5A /* instaCloneFirebase.app */ = {isa = PBXFileReference; explicitFileType = wrapper.application; includeInIndex = 0; path = instaCloneFirebase.app; sourceTree = BUILT_PRODUCTS_DIR; };
		6664575C28A510FB00D68A5A /* AppDelegate.swift */ = {isa = PBXFileReference; lastKnownFileType = sourcecode.swift; path = AppDelegate.swift; sourceTree = "<group>"; };
		6664575E28A510FB00D68A5A /* SceneDelegate.swift */ = {isa = PBXFileReference; lastKnownFileType = sourcecode.swift; path = SceneDelegate.swift; sourceTree = "<group>"; };
		6664576028A510FB00D68A5A /* ViewController.swift */ = {isa = PBXFileReference; lastKnownFileType = sourcecode.swift; path = ViewController.swift; sourceTree = "<group>"; };
		6664576328A510FB00D68A5A /* Base */ = {isa = PBXFileReference; lastKnownFileType = file.storyboard; name = Base; path = Base.lproj/Main.storyboard; sourceTree = "<group>"; };
		6664576528A510FD00D68A5A /* Assets.xcassets */ = {isa = PBXFileReference; lastKnownFileType = folder.assetcatalog; path = Assets.xcassets; sourceTree = "<group>"; };
		6664576828A510FD00D68A5A /* Base */ = {isa = PBXFileReference; lastKnownFileType = file.storyboard; name = Base; path = Base.lproj/LaunchScreen.storyboard; sourceTree = "<group>"; };
		6664576A28A510FD00D68A5A /* Info.plist */ = {isa = PBXFileReference; lastKnownFileType = text.plist.xml; path = Info.plist; sourceTree = "<group>"; };
		6664577028A513F000D68A5A /* GoogleService-Info.plist */ = {isa = PBXFileReference; fileEncoding = 4; lastKnownFileType = text.plist.xml; path = "GoogleService-Info.plist"; sourceTree = "<group>"; };
		66B79B4E28A539A40024ECE3 /* FeedViewController.swift */ = {isa = PBXFileReference; lastKnownFileType = sourcecode.swift; path = FeedViewController.swift; sourceTree = "<group>"; };
		66B79B5028A539B00024ECE3 /* UploadViewController.swift */ = {isa = PBXFileReference; lastKnownFileType = sourcecode.swift; path = UploadViewController.swift; sourceTree = "<group>"; };
		66B79B5228A539BC0024ECE3 /* SettingsViewController.swift */ = {isa = PBXFileReference; lastKnownFileType = sourcecode.swift; path = SettingsViewController.swift; sourceTree = "<group>"; };
		66B79B5428A681950024ECE3 /* FeedCell.swift */ = {isa = PBXFileReference; lastKnownFileType = sourcecode.swift; path = FeedCell.swift; sourceTree = "<group>"; };
		A31393FE0F3A235523F59A30 /* Pods-instaCloneFirebase.debug.xcconfig */ = {isa = PBXFileReference; includeInIndex = 1; lastKnownFileType = text.xcconfig; name = "Pods-instaCloneFirebase.debug.xcconfig"; path = "Target Support Files/Pods-instaCloneFirebase/Pods-instaCloneFirebase.debug.xcconfig"; sourceTree = "<group>"; };
		C4619CCAB5338E7E1977DD49 /* Pods_instaCloneFirebase.framework */ = {isa = PBXFileReference; explicitFileType = wrapper.framework; includeInIndex = 0; path = Pods_instaCloneFirebase.framework; sourceTree = BUILT_PRODUCTS_DIR; };
/* End PBXFileReference section */

/* Begin PBXFrameworksBuildPhase section */
		6664575628A510FB00D68A5A /* Frameworks */ = {
			isa = PBXFrameworksBuildPhase;
			buildActionMask = 2147483647;
			files = (
				2E3462DBB0E2EA359092CE22 /* Pods_instaCloneFirebase.framework in Frameworks */,
			);
			runOnlyForDeploymentPostprocessing = 0;
		};
/* End PBXFrameworksBuildPhase section */

/* Begin PBXGroup section */
		6664575028A510FB00D68A5A = {
			isa = PBXGroup;
			children = (
				6664575B28A510FB00D68A5A /* instaCloneFirebase */,
				6664575A28A510FB00D68A5A /* Products */,
				7E8346574A2701A05C003C86 /* Pods */,
				D63A2FC65D79F6EC45EFBDDD /* Frameworks */,
			);
			sourceTree = "<group>";
		};
		6664575A28A510FB00D68A5A /* Products */ = {
			isa = PBXGroup;
			children = (
				6664575928A510FB00D68A5A /* instaCloneFirebase.app */,
			);
			name = Products;
			sourceTree = "<group>";
		};
		6664575B28A510FB00D68A5A /* instaCloneFirebase */ = {
			isa = PBXGroup;
			children = (
				6664575C28A510FB00D68A5A /* AppDelegate.swift */,
				6664575E28A510FB00D68A5A /* SceneDelegate.swift */,
				6664576028A510FB00D68A5A /* ViewController.swift */,
				66B79B4E28A539A40024ECE3 /* FeedViewController.swift */,
				66B79B5028A539B00024ECE3 /* UploadViewController.swift */,
				66B79B5228A539BC0024ECE3 /* SettingsViewController.swift */,
				66B79B5428A681950024ECE3 /* FeedCell.swift */,
				6664576228A510FB00D68A5A /* Main.storyboard */,
				6664576528A510FD00D68A5A /* Assets.xcassets */,
				6664576728A510FD00D68A5A /* LaunchScreen.storyboard */,
				6664576A28A510FD00D68A5A /* Info.plist */,
				6664577028A513F000D68A5A /* GoogleService-Info.plist */,
			);
			path = instaCloneFirebase;
			sourceTree = "<group>";
		};
		7E8346574A2701A05C003C86 /* Pods */ = {
			isa = PBXGroup;
			children = (
				A31393FE0F3A235523F59A30 /* Pods-instaCloneFirebase.debug.xcconfig */,
				3680D6DECB8C0B66A2208E75 /* Pods-instaCloneFirebase.release.xcconfig */,
			);
			path = Pods;
			sourceTree = "<group>";
		};
		D63A2FC65D79F6EC45EFBDDD /* Frameworks */ = {
			isa = PBXGroup;
			children = (
				C4619CCAB5338E7E1977DD49 /* Pods_instaCloneFirebase.framework */,
			);
			name = Frameworks;
			sourceTree = "<group>";
		};
/* End PBXGroup section */

/* Begin PBXNativeTarget section */
		6664575828A510FB00D68A5A /* instaCloneFirebase */ = {
			isa = PBXNativeTarget;
			buildConfigurationList = 6664576D28A510FD00D68A5A /* Build configuration list for PBXNativeTarget "instaCloneFirebase" */;
			buildPhases = (
				8D16EF9C2833FCDF8FF34D67 /* [CP] Check Pods Manifest.lock */,
				6664575528A510FB00D68A5A /* Sources */,
				6664575628A510FB00D68A5A /* Frameworks */,
				6664575728A510FB00D68A5A /* Resources */,
				CFE54FF9EE1D79976294A969 /* [CP] Embed Pods Frameworks */,
			);
			buildRules = (
			);
			dependencies = (
			);
			name = instaCloneFirebase;
			productName = instaCloneFirebase;
			productReference = 6664575928A510FB00D68A5A /* instaCloneFirebase.app */;
			productType = "com.apple.product-type.application";
		};
/* End PBXNativeTarget section */

/* Begin PBXProject section */
		6664575128A510FB00D68A5A /* Project object */ = {
			isa = PBXProject;
			attributes = {
				BuildIndependentTargetsInParallel = 1;
				LastSwiftUpdateCheck = 1340;
				LastUpgradeCheck = 1340;
				TargetAttributes = {
					6664575828A510FB00D68A5A = {
						CreatedOnToolsVersion = 13.4.1;
					};
				};
			};
			buildConfigurationList = 6664575428A510FB00D68A5A /* Build configuration list for PBXProject "instaCloneFirebase" */;
			compatibilityVersion = "Xcode 13.0";
			developmentRegion = en;
			hasScannedForEncodings = 0;
			knownRegions = (
				en,
				Base,
			);
			mainGroup = 6664575028A510FB00D68A5A;
			productRefGroup = 6664575A28A510FB00D68A5A /* Products */;
			projectDirPath = "";
			projectRoot = "";
			targets = (
				6664575828A510FB00D68A5A /* instaCloneFirebase */,
			);
		};
/* End PBXProject section */

/* Begin PBXResourcesBuildPhase section */
		6664575728A510FB00D68A5A /* Resources */ = {
			isa = PBXResourcesBuildPhase;
			buildActionMask = 2147483647;
			files = (
				6664576928A510FD00D68A5A /* LaunchScreen.storyboard in Resources */,
				6664577128A513F000D68A5A /* GoogleService-Info.plist in Resources */,
				6664576628A510FD00D68A5A /* Assets.xcassets in Resources */,
				6664576428A510FB00D68A5A /* Main.storyboard in Resources */,
			);
			runOnlyForDeploymentPostprocessing = 0;
		};
/* End PBXResourcesBuildPhase section */

/* Begin PBXShellScriptBuildPhase section */
		8D16EF9C2833FCDF8FF34D67 /* [CP] Check Pods Manifest.lock */ = {
			isa = PBXShellScriptBuildPhase;
			buildActionMask = 2147483647;
			files = (
			);
			inputFileListPaths = (
			);
			inputPaths = (
				"${PODS_PODFILE_DIR_PATH}/Podfile.lock",
				"${PODS_ROOT}/Manifest.lock",
			);
			name = "[CP] Check Pods Manifest.lock";
			outputFileListPaths = (
			);
			outputPaths = (
				"$(DERIVED_FILE_DIR)/Pods-instaCloneFirebase-checkManifestLockResult.txt",
			);
			runOnlyForDeploymentPostprocessing = 0;
			shellPath = /bin/sh;
			shellScript = "diff \"${PODS_PODFILE_DIR_PATH}/Podfile.lock\" \"${PODS_ROOT}/Manifest.lock\" > /dev/null\nif [ $? != 0 ] ; then\n    # print error to STDERR\n    echo \"error: The sandbox is not in sync with the Podfile.lock. Run 'pod install' or update your CocoaPods installation.\" >&2\n    exit 1\nfi\n# This output is used by Xcode 'outputs' to avoid re-running this script phase.\necho \"SUCCESS\" > \"${SCRIPT_OUTPUT_FILE_0}\"\n";
			showEnvVarsInLog = 0;
		};
		CFE54FF9EE1D79976294A969 /* [CP] Embed Pods Frameworks */ = {
			isa = PBXShellScriptBuildPhase;
			buildActionMask = 2147483647;
			files = (
			);
			inputFileListPaths = (
				"${PODS_ROOT}/Target Support Files/Pods-instaCloneFirebase/Pods-instaCloneFirebase-frameworks-${CONFIGURATION}-input-files.xcfilelist",
			);
			name = "[CP] Embed Pods Frameworks";
			outputFileListPaths = (
				"${PODS_ROOT}/Target Support Files/Pods-instaCloneFirebase/Pods-instaCloneFirebase-frameworks-${CONFIGURATION}-output-files.xcfilelist",
			);
			runOnlyForDeploymentPostprocessing = 0;
			shellPath = /bin/sh;
			shellScript = "\"${PODS_ROOT}/Target Support Files/Pods-instaCloneFirebase/Pods-instaCloneFirebase-frameworks.sh\"\n";
			showEnvVarsInLog = 0;
		};
/* End PBXShellScriptBuildPhase section */

/* Begin PBXSourcesBuildPhase section */
		6664575528A510FB00D68A5A /* Sources */ = {
			isa = PBXSourcesBuildPhase;
			buildActionMask = 2147483647;
			files = (
				66B79B5528A681950024ECE3 /* FeedCell.swift in Sources */,
				6664576128A510FB00D68A5A /* ViewController.swift in Sources */,
				66B79B5128A539B00024ECE3 /* UploadViewController.swift in Sources */,
				6664575D28A510FB00D68A5A /* AppDelegate.swift in Sources */,
				66B79B4F28A539A40024ECE3 /* FeedViewController.swift in Sources */,
				6664575F28A510FB00D68A5A /* SceneDelegate.swift in Sources */,
				66B79B5328A539BC0024ECE3 /* SettingsViewController.swift in Sources */,
			);
			runOnlyForDeploymentPostprocessing = 0;
		};
/* End PBXSourcesBuildPhase section */

/* Begin PBXVariantGroup section */
		6664576228A510FB00D68A5A /* Main.storyboard */ = {
			isa = PBXVariantGroup;
			children = (
				6664576328A510FB00D68A5A /* Base */,
			);
			name = Main.storyboard;
			sourceTree = "<group>";
		};
		6664576728A510FD00D68A5A /* LaunchScreen.storyboard */ = {
			isa = PBXVariantGroup;
			children = (
				6664576828A510FD00D68A5A /* Base */,
			);
			name = LaunchScreen.storyboard;
			sourceTree = "<group>";
		};
/* End PBXVariantGroup section */

/* Begin XCBuildConfiguration section */
		6664576B28A510FD00D68A5A /* Debug */ = {
			isa = XCBuildConfiguration;
			buildSettings = {
				ALWAYS_SEARCH_USER_PATHS = NO;
				CLANG_ANALYZER_NONNULL = YES;
				CLANG_ANALYZER_NUMBER_OBJECT_CONVERSION = YES_AGGRESSIVE;
				CLANG_CXX_LANGUAGE_STANDARD = "gnu++17";
				CLANG_ENABLE_MODULES = YES;
				CLANG_ENABLE_OBJC_ARC = YES;
				CLANG_ENABLE_OBJC_WEAK = YES;
				CLANG_WARN_BLOCK_CAPTURE_AUTORELEASING = YES;
				CLANG_WARN_BOOL_CONVERSION = YES;
				CLANG_WARN_COMMA = YES;
				CLANG_WARN_CONSTANT_CONVERSION = YES;
				CLANG_WARN_DEPRECATED_OBJC_IMPLEMENTATIONS = YES;
				CLANG_WARN_DIRECT_OBJC_ISA_USAGE = YES_ERROR;
				CLANG_WARN_DOCUMENTATION_COMMENTS = YES;
				CLANG_WARN_EMPTY_BODY = YES;
				CLANG_WARN_ENUM_CONVERSION = YES;
				CLANG_WARN_INFINITE_RECURSION = YES;
				CLANG_WARN_INT_CONVERSION = YES;
				CLANG_WARN_NON_LITERAL_NULL_CONVERSION = YES;
				CLANG_WARN_OBJC_IMPLICIT_RETAIN_SELF = YES;
				CLANG_WARN_OBJC_LITERAL_CONVERSION = YES;
				CLANG_WARN_OBJC_ROOT_CLASS = YES_ERROR;
				CLANG_WARN_QUOTED_INCLUDE_IN_FRAMEWORK_HEADER = YES;
				CLANG_WARN_RANGE_LOOP_ANALYSIS = YES;
				CLANG_WARN_STRICT_PROTOTYPES = YES;
				CLANG_WARN_SUSPICIOUS_MOVE = YES;
				CLANG_WARN_UNGUARDED_AVAILABILITY = YES_AGGRESSIVE;
				CLANG_WARN_UNREACHABLE_CODE = YES;
				CLANG_WARN__DUPLICATE_METHOD_MATCH = YES;
				COPY_PHASE_STRIP = NO;
				DEBUG_INFORMATION_FORMAT = dwarf;
				ENABLE_STRICT_OBJC_MSGSEND = YES;
				ENABLE_TESTABILITY = YES;
				GCC_C_LANGUAGE_STANDARD = gnu11;
				GCC_DYNAMIC_NO_PIC = NO;
				GCC_NO_COMMON_BLOCKS = YES;
				GCC_OPTIMIZATION_LEVEL = 0;
				GCC_PREPROCESSOR_DEFINITIONS = (
					"DEBUG=1",
					"$(inherited)",
				);
				GCC_WARN_64_TO_32_BIT_CONVERSION = YES;
				GCC_WARN_ABOUT_RETURN_TYPE = YES_ERROR;
				GCC_WARN_UNDECLARED_SELECTOR = YES;
				GCC_WARN_UNINITIALIZED_AUTOS = YES_AGGRESSIVE;
				GCC_WARN_UNUSED_FUNCTION = YES;
				GCC_WARN_UNUSED_VARIABLE = YES;
				IPHONEOS_DEPLOYMENT_TARGET = 15.5;
				MTL_ENABLE_DEBUG_INFO = INCLUDE_SOURCE;
				MTL_FAST_MATH = YES;
				ONLY_ACTIVE_ARCH = YES;
				SDKROOT = iphoneos;
				SWIFT_ACTIVE_COMPILATION_CONDITIONS = DEBUG;
				SWIFT_OPTIMIZATION_LEVEL = "-Onone";
			};
			name = Debug;
		};
		6664576C28A510FD00D68A5A /* Release */ = {
			isa = XCBuildConfiguration;
			buildSettings = {
				ALWAYS_SEARCH_USER_PATHS = NO;
				CLANG_ANALYZER_NONNULL = YES;
				CLANG_ANALYZER_NUMBER_OBJECT_CONVERSION = YES_AGGRESSIVE;
				CLANG_CXX_LANGUAGE_STANDARD = "gnu++17";
				CLANG_ENABLE_MODULES = YES;
				CLANG_ENABLE_OBJC_ARC = YES;
				CLANG_ENABLE_OBJC_WEAK = YES;
				CLANG_WARN_BLOCK_CAPTURE_AUTORELEASING = YES;
				CLANG_WARN_BOOL_CONVERSION = YES;
				CLANG_WARN_COMMA = YES;
				CLANG_WARN_CONSTANT_CONVERSION = YES;
				CLANG_WARN_DEPRECATED_OBJC_IMPLEMENTATIONS = YES;
				CLANG_WARN_DIRECT_OBJC_ISA_USAGE = YES_ERROR;
				CLANG_WARN_DOCUMENTATION_COMMENTS = YES;
				CLANG_WARN_EMPTY_BODY = YES;
				CLANG_WARN_ENUM_CONVERSION = YES;
				CLANG_WARN_INFINITE_RECURSION = YES;
				CLANG_WARN_INT_CONVERSION = YES;
				CLANG_WARN_NON_LITERAL_NULL_CONVERSION = YES;
				CLANG_WARN_OBJC_IMPLICIT_RETAIN_SELF = YES;
				CLANG_WARN_OBJC_LITERAL_CONVERSION = YES;
				CLANG_WARN_OBJC_ROOT_CLASS = YES_ERROR;
				CLANG_WARN_QUOTED_INCLUDE_IN_FRAMEWORK_HEADER = YES;
				CLANG_WARN_RANGE_LOOP_ANALYSIS = YES;
				CLANG_WARN_STRICT_PROTOTYPES = YES;
				CLANG_WARN_SUSPICIOUS_MOVE = YES;
				CLANG_WARN_UNGUARDED_AVAILABILITY = YES_AGGRESSIVE;
				CLANG_WARN_UNREACHABLE_CODE = YES;
				CLANG_WARN__DUPLICATE_METHOD_MATCH = YES;
				COPY_PHASE_STRIP = NO;
				DEBUG_INFORMATION_FORMAT = "dwarf-with-dsym";
				ENABLE_NS_ASSERTIONS = NO;
				ENABLE_STRICT_OBJC_MSGSEND = YES;
				GCC_C_LANGUAGE_STANDARD = gnu11;
				GCC_NO_COMMON_BLOCKS = YES;
				GCC_WARN_64_TO_32_BIT_CONVERSION = YES;
				GCC_WARN_ABOUT_RETURN_TYPE = YES_ERROR;
				GCC_WARN_UNDECLARED_SELECTOR = YES;
				GCC_WARN_UNINITIALIZED_AUTOS = YES_AGGRESSIVE;
				GCC_WARN_UNUSED_FUNCTION = YES;
				GCC_WARN_UNUSED_VARIABLE = YES;
				IPHONEOS_DEPLOYMENT_TARGET = 15.5;
				MTL_ENABLE_DEBUG_INFO = NO;
				MTL_FAST_MATH = YES;
				SDKROOT = iphoneos;
				SWIFT_COMPILATION_MODE = wholemodule;
				SWIFT_OPTIMIZATION_LEVEL = "-O";
				VALIDATE_PRODUCT = YES;
			};
			name = Release;
		};
		6664576E28A510FD00D68A5A /* Debug */ = {
			isa = XCBuildConfiguration;
			baseConfigurationReference = A31393FE0F3A235523F59A30 /* Pods-instaCloneFirebase.debug.xcconfig */;
			buildSettings = {
				ASSETCATALOG_COMPILER_APPICON_NAME = AppIcon;
				ASSETCATALOG_COMPILER_GLOBAL_ACCENT_COLOR_NAME = AccentColor;
				CODE_SIGN_STYLE = Automatic;
				CURRENT_PROJECT_VERSION = 1;
				DEVELOPMENT_TEAM = VW8GT67P82;
				GENERATE_INFOPLIST_FILE = YES;
				INFOPLIST_FILE = instaCloneFirebase/Info.plist;
				INFOPLIST_KEY_UIApplicationSupportsIndirectInputEvents = YES;
				INFOPLIST_KEY_UILaunchStoryboardName = LaunchScreen;
				INFOPLIST_KEY_UIMainStoryboardFile = Main;
				INFOPLIST_KEY_UISupportedInterfaceOrientations_iPad = "UIInterfaceOrientationPortrait UIInterfaceOrientationPortraitUpsideDown UIInterfaceOrientationLandscapeLeft UIInterfaceOrientationLandscapeRight";
				INFOPLIST_KEY_UISupportedInterfaceOrientations_iPhone = "UIInterfaceOrientationPortrait UIInterfaceOrientationLandscapeLeft UIInterfaceOrientationLandscapeRight";
				LD_RUNPATH_SEARCH_PATHS = (
					"$(inherited)",
					"@executable_path/Frameworks",
				);
				MARKETING_VERSION = 1.0;
				PRODUCT_BUNDLE_IDENTIFIER = com.tunaytoksoz.instaCloneFirebase;
				PRODUCT_NAME = "$(TARGET_NAME)";
				SWIFT_EMIT_LOC_STRINGS = YES;
				SWIFT_VERSION = 5.0;
				TARGETED_DEVICE_FAMILY = "1,2";
			};
			name = Debug;
		};
		6664576F28A510FD00D68A5A /* Release */ = {
			isa = XCBuildConfiguration;
			baseConfigurationReference = 3680D6DECB8C0B66A2208E75 /* Pods-instaCloneFirebase.release.xcconfig */;
			buildSettings = {
				ASSETCATALOG_COMPILER_APPICON_NAME = AppIcon;
				ASSETCATALOG_COMPILER_GLOBAL_ACCENT_COLOR_NAME = AccentColor;
				CODE_SIGN_STYLE = Automatic;
				CURRENT_PROJECT_VERSION = 1;
				DEVELOPMENT_TEAM = VW8GT67P82;
				GENERATE_INFOPLIST_FILE = YES;
				INFOPLIST_FILE = instaCloneFirebase/Info.plist;
				INFOPLIST_KEY_UIApplicationSupportsIndirectInputEvents = YES;
				INFOPLIST_KEY_UILaunchStoryboardName = LaunchScreen;
				INFOPLIST_KEY_UIMainStoryboardFile = Main;
				INFOPLIST_KEY_UISupportedInterfaceOrientations_iPad = "UIInterfaceOrientationPortrait UIInterfaceOrientationPortraitUpsideDown UIInterfaceOrientationLandscapeLeft UIInterfaceOrientationLandscapeRight";
				INFOPLIST_KEY_UISupportedInterfaceOrientations_iPhone = "UIInterfaceOrientationPortrait UIInterfaceOrientationLandscapeLeft UIInterfaceOrientationLandscapeRight";
				LD_RUNPATH_SEARCH_PATHS = (
					"$(inherited)",
					"@executable_path/Frameworks",
				);
				MARKETING_VERSION = 1.0;
				PRODUCT_BUNDLE_IDENTIFIER = com.tunaytoksoz.instaCloneFirebase;
				PRODUCT_NAME = "$(TARGET_NAME)";
				SWIFT_EMIT_LOC_STRINGS = YES;
				SWIFT_VERSION = 5.0;
				TARGETED_DEVICE_FAMILY = "1,2";
			};
			name = Release;
		};
/* End XCBuildConfiguration section */

/* Begin XCConfigurationList section */
		6664575428A510FB00D68A5A /* Build configuration list for PBXProject "instaCloneFirebase" */ = {
			isa = XCConfigurationList;
			buildConfigurations = (
				6664576B28A510FD00D68A5A /* Debug */,
				6664576C28A510FD00D68A5A /* Release */,
			);
			defaultConfigurationIsVisible = 0;
			defaultConfigurationName = Release;
		};
		6664576D28A510FD00D68A5A /* Build configuration list for PBXNativeTarget "instaCloneFirebase" */ = {
			isa = XCConfigurationList;
			buildConfigurations = (
				6664576E28A510FD00D68A5A /* Debug */,
				6664576F28A510FD00D68A5A /* Release */,
			);
			defaultConfigurationIsVisible = 0;
			defaultConfigurationName = Release;
		};
/* End XCConfigurationList section */
	};
	rootObject = 6664575128A510FB00D68A5A /* Project object */;
}
